github.com/felixge/httpsnoop v1.0.1/go.mod h1:m8KPJKqk1gH5J9DgRY2ASl2lWCfGKXixSwevea8zH2U=
github.com/google/uuid v1.2.0/go.mod h1:TIyPZe4MgqvfeYDBFedMoGGpEw/LqOeaOT+nhxU+yHo=
github.com/gorilla/handlers v1.5.1/go.mod h1:t8XrUpc4KVXb7HGyJ4/cEnwQiaxrX/hz1Zv/4g96P1Q=
github.com/gorilla/mux v1.8.0 h1:i40aqfkR1h2SlN9hojwV5ZA91wcXFOvkdNIeFDP5koI=
github.com/gorilla/mux v1.8.0/go.mod h1:DVbg23sWSpFRCP0SfiEN6jmj59UnW/n46BH5rLB71So=
github.com/jinzhu/inflection v1.0.0/go.mod h1:h+uFLlag+Qp1Va5pdKtLDYj+kHp5pxUVkryuEj+Srlc=
github.com/jinzhu/now v1.1.1/go.mod h1:d3SSVoowX0Lcu0IBviAWJpolVfI5UJVZZ7cO71lE/z8=
github.com/mattn/go-sqlite3 v1.14.5/go.mod h1:WVKg1VTActs4Qso6iwGbiFih2UIHo0ENGwNd0Lj+XmI=
github.com/mattn/go-sqlite3 v1.14.6/go.mod h1:NyWgC/yNuGj7Q9rpYnZvas74GogHl5/Z4A/KQRfk6bU=
github.com/urfave/negroni v1.0.0 h1:kIimOitoypq34K7TG7DUaJ9kq/N4Ofuwi1sjz0KipXc=
github.com/urfave/negroni v1.0.0/go.mod h1:Meg73S6kFm/4PpbYdq35yYWoCZ9mS/YSx+lKnmiohz4=
github.com/vivian-hua/civic-qa v0.0.0-20210302044339-c3d270fa655a h1:v2YKLJHxxO7ULdrYgpVS0i+8JlhsUgGh8bjoK3Rxzow=
github.com/vivian-hua/civic-qa/services/common v0.0.0-20210227211936-aef745c47c5f/go.mod h1:M1d7kDdIWVmgwNAL/rH13Nm+4KHaGt4Rb1aI8qV9DxQ=
github.com/vivian-hua/civic-qa/services/common v0.0.0-20210301202124-142c59451b9f h1:iwOKXhaOzuAZkhXU+oqTa7F/CIkEzw079Eg3EXhRHWI=
github.com/vivian-hua/civic-qa/services/common v0.0.0-20210301202124-142c59451b9f/go.mod h1:M1d7kDdIWVmgwNAL/rH13Nm+4KHaGt4Rb1aI8qV9DxQ=
github.com/vivian-hua/civic-qa/services/logAggregator v0.0.0-20210301202124-142c59451b9f h1:5DaV1UHXlyCT/2Xx7vVuFf/Y3gsqfwS8o2mXJZVTytM=
github.com/vivian-hua/civic-qa/services/logAggregator v0.0.0-20210301202124-142c59451b9f/go.mod h1:GNWDpzM0gSvDeMzJ4Io2QPPZ7a4aN3c26ccnY63aZjY=
gorm.io/driver/sqlite v1.1.4/go.mod h1:mJCeTFr7+crvS+TRnWc5Z3UvwxUN1BGBLMrf5LA9DYw=
gorm.io/gorm v1.20.7/go.mod h1:0HFTzE/SqkGTzK6TlDPPQbAYCluiVvhzoA1+aVyzenw=
gorm.io/gorm v1.20.12/go.mod h1:0HFTzE/SqkGTzK6TlDPPQbAYCluiVvhzoA1+aVyzenw=
