github.com/felixge/httpsnoop v1.0.1/go.mod h1:m8KPJKqk1gH5J9DgRY2ASl2lWCfGKXixSwevea8zH2U=
github.com/google/uuid v1.2.0 h1:qJYtXnJRWmpe7m/3XlyhrsLrEURqHRM2kxzoxXqyUDs=
github.com/google/uuid v1.2.0/go.mod h1:TIyPZe4MgqvfeYDBFedMoGGpEw/LqOeaOT+nhxU+yHo=
github.com/gorilla/handlers v1.5.1/go.mod h1:t8XrUpc4KVXb7HGyJ4/cEnwQiaxrX/hz1Zv/4g96P1Q=
github.com/gorilla/mux v1.8.0 h1:i40aqfkR1h2SlN9hojwV5ZA91wcXFOvkdNIeFDP5koI=
github.com/gorilla/mux v1.8.0/go.mod h1:DVbg23sWSpFRCP0SfiEN6jmj59UnW/n46BH5rLB71So=
github.com/mattn/go-sqlite3 v1.14.6 h1:dNPt6NO46WmLVt2DLNpwczCmdV5boIZ6g/tlDrlRUbg=
github.com/mattn/go-sqlite3 v1.14.6/go.mod h1:NyWgC/yNuGj7Q9rpYnZvas74GogHl5/Z4A/KQRfk6bU=
github.com/vivian-hua/civic-qa v0.0.0-20210217005008-848fa3bc0399 h1:lyEUawmY/ogGb5hkVu3k/xJl0Uxo3X/gpbQnuHtg9YE=
github.com/vivian-hua/civic-qa/services/common v0.0.0-20210217005008-848fa3bc0399 h1:C78tp2O84XIE9K1zYfmfr55dXTgNGZE10Jq0dA8AxJA=
github.com/vivian-hua/civic-qa/services/common v0.0.0-20210217005008-848fa3bc0399/go.mod h1:JQKJyp3Xi6UUICplQpjiAI0SoeZm7D+YoNumsgxEiLA=
